
Microsoft Visual Studio Solution File, Format Version 12.00
# Visual Studio 15
VisualStudioVersion = 15.0.28307.960
MinimumVisualStudioVersion = 10.0.40219.1
Project("{F14B399A-7131-4C87-9E4B-1186C45EF12D}") = "Report_olap", "Report_olap\Report_olap.rptproj", "{D679FE0B-094B-4F90-9634-45FD8FFD79BF}"
EndProject
Global
	GlobalSection(SolutionConfigurationPlatforms) = preSolution
		Debug|Default = Debug|Default
		DebugLocal|Default = DebugLocal|Default
		Release|Default = Release|Default
	EndGlobalSection
	GlobalSection(ProjectConfigurationPlatforms) = postSolution
		{D679FE0B-094B-4F90-9634-45FD8FFD79BF}.Debug|Default.ActiveCfg = Debug
		{D679FE0B-094B-4F90-9634-45FD8FFD79BF}.Debug|Default.Build.0 = Debug
		{D679FE0B-094B-4F90-9634-45FD8FFD79BF}.Debug|Default.Deploy.0 = Debug
		{D679FE0B-094B-4F90-9634-45FD8FFD79BF}.DebugLocal|Default.ActiveCfg = DebugLocal
		{D679FE0B-094B-4F90-9634-45FD8FFD79BF}.DebugLocal|Default.Build.0 = DebugLocal
		{D679FE0B-094B-4F90-9634-45FD8FFD79BF}.Release|Default.ActiveCfg = Release
		{D679FE0B-094B-4F90-9634-45FD8FFD79BF}.Release|Default.Build.0 = Release
		{D679FE0B-094B-4F90-9634-45FD8FFD79BF}.Release|Default.Deploy.0 = Release
	EndGlobalSection
	GlobalSection(SolutionProperties) = preSolution
		HideSolutionNode = FALSE
	EndGlobalSection
	GlobalSection(ExtensibilityGlobals) = postSolution
		SolutionGuid = {7153303C-CF6F-4FD5-8A64-E133B5C782E7}
	EndGlobalSection
EndGlobal
